
Microsoft Visual Studio Solution File, Format Version 12.00
# Visual Studio Version 16
VisualStudioVersion = 16.0.29324.140
MinimumVisualStudioVersion = 10.0.40219.1
Project("{FAE04EC0-301F-11D3-BF4B-00C04F79EFBC}") = "HUE03_Friedl_TravelPlanner", "HUE03_Friedl_TravelPlanner\HUE03_Friedl_TravelPlanner.csproj", "{C66748EA-64BE-489F-9AE5-E97C1E0C643E}"
EndProject
Project("{FAE04EC0-301F-11D3-BF4B-00C04F79EFBC}") = "TravelPlannerLogic", "TravelPlannerLogic\TravelPlannerLogic.csproj", "{6E8FDCD0-71C7-4A82-954E-D68313D9FDCE}"
EndProject
Global
	GlobalSection(SolutionConfigurationPlatforms) = preSolution
		Debug|Any CPU = Debug|Any CPU
		Release|Any CPU = Release|Any CPU
	EndGlobalSection
	GlobalSection(ProjectConfigurationPlatforms) = postSolution
		{C66748EA-64BE-489F-9AE5-E97C1E0C643E}.Debug|Any CPU.ActiveCfg = Debug|Any CPU
		{C66748EA-64BE-489F-9AE5-E97C1E0C643E}.Debug|Any CPU.Build.0 = Debug|Any CPU
		{C66748EA-64BE-489F-9AE5-E97C1E0C643E}.Release|Any CPU.ActiveCfg = Release|Any CPU
		{C66748EA-64BE-489F-9AE5-E97C1E0C643E}.Release|Any CPU.Build.0 = Release|Any CPU
		{6E8FDCD0-71C7-4A82-954E-D68313D9FDCE}.Debug|Any CPU.ActiveCfg = Debug|Any CPU
		{6E8FDCD0-71C7-4A82-954E-D68313D9FDCE}.Debug|Any CPU.Build.0 = Debug|Any CPU
		{6E8FDCD0-71C7-4A82-954E-D68313D9FDCE}.Release|Any CPU.ActiveCfg = Release|Any CPU
		{6E8FDCD0-71C7-4A82-954E-D68313D9FDCE}.Release|Any CPU.Build.0 = Release|Any CPU
	EndGlobalSection
	GlobalSection(SolutionProperties) = preSolution
		HideSolutionNode = FALSE
	EndGlobalSection
	GlobalSection(ExtensibilityGlobals) = postSolution
		SolutionGuid = {8933C3F0-8886-4C8D-9702-28945B334FDC}
	EndGlobalSection
EndGlobal
